// !$*UTF8*$!
{
	archiveVersion = 1;
	classes = {
	};
	objectVersion = 46;
	objects = {

/* Begin PBXBuildFile section */
		B723FC5E1A2B7C3200F0A3C1 /* main.m in Sources */ = {isa = PBXBuildFile; fileRef = B723FC5D1A2B7C3200F0A3C1 /* main.m */; };
		B723FC611A2B7C3200F0A3C1 /* AppDelegate.m in Sources */ = {isa = PBXBuildFile; fileRef = B723FC601A2B7C3200F0A3C1 /* AppDelegate.m */; };
		B723FC641A2B7C3200F0A3C1 /* ViewController.m in Sources */ = {isa = PBXBuildFile; fileRef = B723FC631A2B7C3200F0A3C1 /* ViewController.m */; };
		B723FC671A2B7C3200F0A3C1 /* Main.storyboard in Resources */ = {isa = PBXBuildFile; fileRef = B723FC651A2B7C3200F0A3C1 /* Main.storyboard */; };
		B723FC691A2B7C3200F0A3C1 /* Images.xcassets in Resources */ = {isa = PBXBuildFile; fileRef = B723FC681A2B7C3200F0A3C1 /* Images.xcassets */; };
		B723FC6C1A2B7C3200F0A3C1 /* LaunchScreen.xib in Resources */ = {isa = PBXBuildFile; fileRef = B723FC6A1A2B7C3200F0A3C1 /* LaunchScreen.xib */; };
		B723FC781A2B7C3200F0A3C1 /* HWTests.m in Sources */ = {isa = PBXBuildFile; fileRef = B723FC771A2B7C3200F0A3C1 /* HWTests.m */; };
/* End PBXBuildFile section */

/* Begin PBXContainerItemProxy section */
		B723FC721A2B7C3200F0A3C1 /* PBXContainerItemProxy */ = {
			isa = PBXContainerItemProxy;
			containerPortal = B723FC501A2B7C3200F0A3C1 /* Project object */;
			proxyType = 1;
			remoteGlobalIDString = B723FC571A2B7C3200F0A3C1;
			remoteInfo = HW;
		};
/* End PBXContainerItemProxy section */

/* Begin PBXFileReference section */
		B723FC581A2B7C3200F0A3C1 /* HW.app */ = {isa = PBXFileReference; explicitFileType = wrapper.application; includeInIndex = 0; path = HW.app; sourceTree = BUILT_PRODUCTS_DIR; };
		B723FC5C1A2B7C3200F0A3C1 /* Info.plist */ = {isa = PBXFileReference; lastKnownFileType = text.plist.xml; path = Info.plist; sourceTree = "<group>"; };
		B723FC5D1A2B7C3200F0A3C1 /* main.m */ = {isa = PBXFileReference; lastKnownFileType = sourcecode.c.objc; path = main.m; sourceTree = "<group>"; };
		B723FC5F1A2B7C3200F0A3C1 /* AppDelegate.h */ = {isa = PBXFileReference; lastKnownFileType = sourcecode.c.h; path = AppDelegate.h; sourceTree = "<group>"; };
		B723FC601A2B7C3200F0A3C1 /* AppDelegate.m */ = {isa = PBXFileReference; lastKnownFileType = sourcecode.c.objc; path = AppDelegate.m; sourceTree = "<group>"; };
		B723FC621A2B7C3200F0A3C1 /* ViewController.h */ = {isa = PBXFileReference; lastKnownFileType = sourcecode.c.h; path = ViewController.h; sourceTree = "<group>"; };
		B723FC631A2B7C3200F0A3C1 /* ViewController.m */ = {isa = PBXFileReference; lastKnownFileType = sourcecode.c.objc; path = ViewController.m; sourceTree = "<group>"; };
		B723FC661A2B7C3200F0A3C1 /* Base */ = {isa = PBXFileReference; lastKnownFileType = file.storyboard; name = Base; path = Base.lproj/Main.storyboard; sourceTree = "<group>"; };
		B723FC681A2B7C3200F0A3C1 /* Images.xcassets */ = {isa = PBXFileReference; lastKnownFileType = folder.assetcatalog; path = Images.xcassets; sourceTree = "<group>"; };
		B723FC6B1A2B7C3200F0A3C1 /* Base */ = {isa = PBXFileReference; lastKnownFileType = file.xib; name = Base; path = Base.lproj/LaunchScreen.xib; sourceTree = "<group>"; };
		B723FC711A2B7C3200F0A3C1 /* HWTests.xctest */ = {isa = PBXFileReference; explicitFileType = wrapper.cfbundle; includeInIndex = 0; path = HWTests.xctest; sourceTree = BUILT_PRODUCTS_DIR; };
		B723FC761A2B7C3200F0A3C1 /* Info.plist */ = {isa = PBXFileReference; lastKnownFileType = text.plist.xml; path = Info.plist; sourceTree = "<group>"; };
		B723FC771A2B7C3200F0A3C1 /* HWTests.m */ = {isa = PBXFileReference; lastKnownFileType = sourcecode.c.objc; path = HWTests.m; sourceTree = "<group>"; };
/* End PBXFileReference section */

/* Begin PBXFrameworksBuildPhase section */
		B723FC551A2B7C3200F0A3C1 /* Frameworks */ = {
			isa = PBXFrameworksBuildPhase;
			buildActionMask = 2147483647;
			files = (
			);
			runOnlyForDeploymentPostprocessing = 0;
		};
		B723FC6E1A2B7C3200F0A3C1 /* Frameworks */ = {
			isa = PBXFrameworksBuildPhase;
			buildActionMask = 2147483647;
			files = (
			);
			runOnlyForDeploymentPostprocessing = 0;
		};
/* End PBXFrameworksBuildPhase section */

/* Begin PBXGroup section */
		B723FC4F1A2B7C3200F0A3C1 = {
			isa = PBXGroup;
			children = (
				B723FC5A1A2B7C3200F0A3C1 /* HW */,
				B723FC741A2B7C3200F0A3C1 /* HWTests */,
				B723FC591A2B7C3200F0A3C1 /* Products */,
			);
			sourceTree = "<group>";
		};
		B723FC591A2B7C3200F0A3C1 /* Products */ = {
			isa = PBXGroup;
			children = (
				B723FC581A2B7C3200F0A3C1 /* HW.app */,
				B723FC711A2B7C3200F0A3C1 /* HWTests.xctest */,
			);
			name = Products;
			sourceTree = "<group>";
		};
		B723FC5A1A2B7C3200F0A3C1 /* HW */ = {
			isa = PBXGroup;
			children = (
				B723FC5F1A2B7C3200F0A3C1 /* AppDelegate.h */,
				B723FC601A2B7C3200F0A3C1 /* AppDelegate.m */,
				B723FC621A2B7C3200F0A3C1 /* ViewController.h */,
				B723FC631A2B7C3200F0A3C1 /* ViewController.m */,
				B723FC651A2B7C3200F0A3C1 /* Main.storyboard */,
				B723FC681A2B7C3200F0A3C1 /* Images.xcassets */,
				B723FC6A1A2B7C3200F0A3C1 /* LaunchScreen.xib */,
				B723FC5B1A2B7C3200F0A3C1 /* Supporting Files */,
			);
			path = HW;
			sourceTree = "<group>";
		};
		B723FC5B1A2B7C3200F0A3C1 /* Supporting Files */ = {
			isa = PBXGroup;
			children = (
				B723FC5C1A2B7C3200F0A3C1 /* Info.plist */,
				B723FC5D1A2B7C3200F0A3C1 /* main.m */,
			);
			name = "Supporting Files";
			sourceTree = "<group>";
		};
		B723FC741A2B7C3200F0A3C1 /* HWTests */ = {
			isa = PBXGroup;
			children = (
				B723FC771A2B7C3200F0A3C1 /* HWTests.m */,
				B723FC751A2B7C3200F0A3C1 /* Supporting Files */,
			);
			path = HWTests;
			sourceTree = "<group>";
		};
		B723FC751A2B7C3200F0A3C1 /* Supporting Files */ = {
			isa = PBXGroup;
			children = (
				B723FC761A2B7C3200F0A3C1 /* Info.plist */,
			);
			name = "Supporting Files";
			sourceTree = "<group>";
		};
/* End PBXGroup section */

/* Begin PBXNativeTarget section */
		B723FC571A2B7C3200F0A3C1 /* HW */ = {
			isa = PBXNativeTarget;
			buildConfigurationList = B723FC7B1A2B7C3200F0A3C1 /* Build configuration list for PBXNativeTarget "HW" */;
			buildPhases = (
				B723FC541A2B7C3200F0A3C1 /* Sources */,
				B723FC551A2B7C3200F0A3C1 /* Frameworks */,
				B723FC561A2B7C3200F0A3C1 /* Resources */,
			);
			buildRules = (
			);
			dependencies = (
			);
			name = HW;
			productName = HW;
			productReference = B723FC581A2B7C3200F0A3C1 /* HW.app */;
			productType = "com.apple.product-type.application";
		};
		B723FC701A2B7C3200F0A3C1 /* HWTests */ = {
			isa = PBXNativeTarget;
			buildConfigurationList = B723FC7E1A2B7C3200F0A3C1 /* Build configuration list for PBXNativeTarget "HWTests" */;
			buildPhases = (
				B723FC6D1A2B7C3200F0A3C1 /* Sources */,
				B723FC6E1A2B7C3200F0A3C1 /* Frameworks */,
				B723FC6F1A2B7C3200F0A3C1 /* Resources */,
			);
			buildRules = (
			);
			dependencies = (
				B723FC731A2B7C3200F0A3C1 /* PBXTargetDependency */,
			);
			name = HWTests;
			productName = HWTests;
			productReference = B723FC711A2B7C3200F0A3C1 /* HWTests.xctest */;
			productType = "com.apple.product-type.bundle.unit-test";
		};
/* End PBXNativeTarget section */

/* Begin PBXProject section */
		B723FC501A2B7C3200F0A3C1 /* Project object */ = {
			isa = PBXProject;
			attributes = {
				LastUpgradeCheck = 0600;
				ORGANIZATIONNAME = Zhizhik;
				TargetAttributes = {
					B723FC571A2B7C3200F0A3C1 = {
						CreatedOnToolsVersion = 6.0.1;
					};
					B723FC701A2B7C3200F0A3C1 = {
						CreatedOnToolsVersion = 6.0.1;
						TestTargetID = B723FC571A2B7C3200F0A3C1;
					};
				};
			};
			buildConfigurationList = B723FC531A2B7C3200F0A3C1 /* Build configuration list for PBXProject "HW" */;
			compatibilityVersion = "Xcode 3.2";
			developmentRegion = English;
			hasScannedForEncodings = 0;
			knownRegions = (
				en,
				Base,
			);
			mainGroup = B723FC4F1A2B7C3200F0A3C1;
			productRefGroup = B723FC591A2B7C3200F0A3C1 /* Products */;
			projectDirPath = "";
			projectRoot = "";
			targets = (
				B723FC571A2B7C3200F0A3C1 /* HW */,
				B723FC701A2B7C3200F0A3C1 /* HWTests */,
			);
		};
/* End PBXProject section */

/* Begin PBXResourcesBuildPhase section */
		B723FC561A2B7C3200F0A3C1 /* Resources */ = {
			isa = PBXResourcesBuildPhase;
			buildActionMask = 2147483647;
			files = (
				B723FC671A2B7C3200F0A3C1 /* Main.storyboard in Resources */,
				B723FC6C1A2B7C3200F0A3C1 /* LaunchScreen.xib in Resources */,
				B723FC691A2B7C3200F0A3C1 /* Images.xcassets in Resources */,
			);
			runOnlyForDeploymentPostprocessing = 0;
		};
		B723FC6F1A2B7C3200F0A3C1 /* Resources */ = {
			isa = PBXResourcesBuildPhase;
			buildActionMask = 2147483647;
			files = (
			);
			runOnlyForDeploymentPostprocessing = 0;
		};
/* End PBXResourcesBuildPhase section */

/* Begin PBXSourcesBuildPhase section */
		B723FC541A2B7C3200F0A3C1 /* Sources */ = {
			isa = PBXSourcesBuildPhase;
			buildActionMask = 2147483647;
			files = (
				B723FC641A2B7C3200F0A3C1 /* ViewController.m in Sources */,
				B723FC611A2B7C3200F0A3C1 /* AppDelegate.m in Sources */,
				B723FC5E1A2B7C3200F0A3C1 /* main.m in Sources */,
			);
			runOnlyForDeploymentPostprocessing = 0;
		};
		B723FC6D1A2B7C3200F0A3C1 /* Sources */ = {
			isa = PBXSourcesBuildPhase;
			buildActionMask = 2147483647;
			files = (
				B723FC781A2B7C3200F0A3C1 /* HWTests.m in Sources */,
			);
			runOnlyForDeploymentPostprocessing = 0;
		};
/* End PBXSourcesBuildPhase section */

/* Begin PBXTargetDependency section */
		B723FC731A2B7C3200F0A3C1 /* PBXTargetDependency */ = {
			isa = PBXTargetDependency;
			target = B723FC571A2B7C3200F0A3C1 /* HW */;
			targetProxy = B723FC721A2B7C3200F0A3C1 /* PBXContainerItemProxy */;
		};
/* End PBXTargetDependency section */

/* Begin PBXVariantGroup section */
		B723FC651A2B7C3200F0A3C1 /* Main.storyboard */ = {
			isa = PBXVariantGroup;
			children = (
				B723FC661A2B7C3200F0A3C1 /* Base */,
			);
			name = Main.storyboard;
			sourceTree = "<group>";
		};
		B723FC6A1A2B7C3200F0A3C1 /* LaunchScreen.xib */ = {
			isa = PBXVariantGroup;
			children = (
				B723FC6B1A2B7C3200F0A3C1 /* Base */,
			);
			name = LaunchScreen.xib;
			sourceTree = "<group>";
		};
/* End PBXVariantGroup section */

/* Begin XCBuildConfiguration section */
		B723FC791A2B7C3200F0A3C1 /* Debug */ = {
			isa = XCBuildConfiguration;
			buildSettings = {
				ALWAYS_SEARCH_USER_PATHS = NO;
				CLANG_CXX_LANGUAGE_STANDARD = "gnu++0x";
				CLANG_CXX_LIBRARY = "libc++";
				CLANG_ENABLE_MODULES = YES;
				CLANG_ENABLE_OBJC_ARC = YES;
				CLANG_WARN_BOOL_CONVERSION = YES;
				CLANG_WARN_CONSTANT_CONVERSION = YES;
				CLANG_WARN_DIRECT_OBJC_ISA_USAGE = YES_ERROR;
				CLANG_WARN_EMPTY_BODY = YES;
				CLANG_WARN_ENUM_CONVERSION = YES;
				CLANG_WARN_INT_CONVERSION = YES;
				CLANG_WARN_OBJC_ROOT_CLASS = YES_ERROR;
				CLANG_WARN_UNREACHABLE_CODE = YES;
				CLANG_WARN__DUPLICATE_METHOD_MATCH = YES;
				"CODE_SIGN_IDENTITY[sdk=iphoneos*]" = "iPhone Developer";
				COPY_PHASE_STRIP = NO;
				ENABLE_STRICT_OBJC_MSGSEND = YES;
				GCC_C_LANGUAGE_STANDARD = gnu99;
				GCC_DYNAMIC_NO_PIC = NO;
				GCC_OPTIMIZATION_LEVEL = 0;
				GCC_PREPROCESSOR_DEFINITIONS = (
					"DEBUG=1",
					"$(inherited)",
				);
				GCC_SYMBOLS_PRIVATE_EXTERN = NO;
				GCC_WARN_64_TO_32_BIT_CONVERSION = YES;
				GCC_WARN_ABOUT_RETURN_TYPE = YES_ERROR;
				GCC_WARN_UNDECLARED_SELECTOR = YES;
				GCC_WARN_UNINITIALIZED_AUTOS = YES_AGGRESSIVE;
				GCC_WARN_UNUSED_FUNCTION = YES;
				GCC_WARN_UNUSED_VARIABLE = YES;
				IPHONEOS_DEPLOYMENT_TARGET = 8.0;
				MTL_ENABLE_DEBUG_INFO = YES;
				ONLY_ACTIVE_ARCH = YES;
				SDKROOT = iphoneos;
			};
			name = Debug;
		};
		B723FC7A1A2B7C3200F0A3C1 /* Release */ = {
			isa = XCBuildConfiguration;
			buildSettings = {
				ALWAYS_SEARCH_USER_PATHS = NO;
				CLANG_CXX_LANGUAGE_STANDARD = "gnu++0x";
				CLANG_CXX_LIBRARY = "libc++";
				CLANG_ENABLE_MODULES = YES;
				CLANG_ENABLE_OBJC_ARC = YES;
				CLANG_WARN_BOOL_CONVERSION = YES;
				CLANG_WARN_CONSTANT_CONVERSION = YES;
				CLANG_WARN_DIRECT_OBJC_ISA_USAGE = YES_ERROR;
				CLANG_WARN_EMPTY_BODY = YES;
				CLANG_WARN_ENUM_CONVERSION = YES;
				CLANG_WARN_INT_CONVERSION = YES;
				CLANG_WARN_OBJC_ROOT_CLASS = YES_ERROR;
				CLANG_WARN_UNREACHABLE_CODE = YES;
				CLANG_WARN__DUPLICATE_METHOD_MATCH = YES;
				"CODE_SIGN_IDENTITY[sdk=iphoneos*]" = "iPhone Developer";
				COPY_PHASE_STRIP = YES;
				ENABLE_NS_ASSERTIONS = NO;
				ENABLE_STRICT_OBJC_MSGSEND = YES;
				GCC_C_LANGUAGE_STANDARD = gnu99;
				GCC_WARN_64_TO_32_BIT_CONVERSION = YES;
				GCC_WARN_ABOUT_RETURN_TYPE = YES_ERROR;
				GCC_WARN_UNDECLARED_SELECTOR = YES;
				GCC_WARN_UNINITIALIZED_AUTOS = YES_AGGRESSIVE;
				GCC_WARN_UNUSED_FUNCTION = YES;
				GCC_WARN_UNUSED_VARIABLE = YES;
				IPHONEOS_DEPLOYMENT_TARGET = 8.0;
				MTL_ENABLE_DEBUG_INFO = NO;
				SDKROOT = iphoneos;
				VALIDATE_PRODUCT = YES;
			};
			name = Release;
		};
		B723FC7C1A2B7C3200F0A3C1 /* Debug */ = {
			isa = XCBuildConfiguration;
			buildSettings = {
				ASSETCATALOG_COMPILER_APPICON_NAME = AppIcon;
				INFOPLIST_FILE = HW/Info.plist;
				LD_RUNPATH_SEARCH_PATHS = "$(inherited) @executable_path/Frameworks";
				PRODUCT_NAME = "$(TARGET_NAME)";
			};
			name = Debug;
		};
		B723FC7D1A2B7C3200F0A3C1 /* Release */ = {
			isa = XCBuildConfiguration;
			buildSettings = {
				ASSETCATALOG_COMPILER_APPICON_NAME = AppIcon;
				INFOPLIST_FILE = HW/Info.plist;
				LD_RUNPATH_SEARCH_PATHS = "$(inherited) @executable_path/Frameworks";
				PRODUCT_NAME = "$(TARGET_NAME)";
			};
			name = Release;
		};
		B723FC7F1A2B7C3200F0A3C1 /* Debug */ = {
			isa = XCBuildConfiguration;
			buildSettings = {
				BUNDLE_LOADER = "$(TEST_HOST)";
				FRAMEWORK_SEARCH_PATHS = (
					"$(SDKROOT)/Developer/Library/Frameworks",
					"$(inherited)",
				);
				GCC_PREPROCESSOR_DEFINITIONS = (
					"DEBUG=1",
					"$(inherited)",
				);
				INFOPLIST_FILE = HWTests/Info.plist;
				LD_RUNPATH_SEARCH_PATHS = "$(inherited) @executable_path/Frameworks @loader_path/Frameworks";
				PRODUCT_NAME = "$(TARGET_NAME)";
				TEST_HOST = "$(BUILT_PRODUCTS_DIR)/HW.app/HW";
			};
			name = Debug;
		};
		B723FC801A2B7C3200F0A3C1 /* Release */ = {
			isa = XCBuildConfiguration;
			buildSettings = {
				BUNDLE_LOADER = "$(TEST_HOST)";
				FRAMEWORK_SEARCH_PATHS = (
					"$(SDKROOT)/Developer/Library/Frameworks",
					"$(inherited)",
				);
				INFOPLIST_FILE = HWTests/Info.plist;
				LD_RUNPATH_SEARCH_PATHS = "$(inherited) @executable_path/Frameworks @loader_path/Frameworks";
				PRODUCT_NAME = "$(TARGET_NAME)";
				TEST_HOST = "$(BUILT_PRODUCTS_DIR)/HW.app/HW";
			};
			name = Release;
		};
/* End XCBuildConfiguration section */

/* Begin XCConfigurationList section */
		B723FC531A2B7C3200F0A3C1 /* Build configuration list for PBXProject "HW" */ = {
			isa = XCConfigurationList;
			buildConfigurations = (
				B723FC791A2B7C3200F0A3C1 /* Debug */,
				B723FC7A1A2B7C3200F0A3C1 /* Release */,
			);
			defaultConfigurationIsVisible = 0;
			defaultConfigurationName = Release;
		};
		B723FC7B1A2B7C3200F0A3C1 /* Build configuration list for PBXNativeTarget "HW" */ = {
			isa = XCConfigurationList;
			buildConfigurations = (
				B723FC7C1A2B7C3200F0A3C1 /* Debug */,
				B723FC7D1A2B7C3200F0A3C1 /* Release */,
			);
			defaultConfigurationIsVisible = 0;
		};
		B723FC7E1A2B7C3200F0A3C1 /* Build configuration list for PBXNativeTarget "HWTests" */ = {
			isa = XCConfigurationList;
			buildConfigurations = (
				B723FC7F1A2B7C3200F0A3C1 /* Debug */,
				B723FC801A2B7C3200F0A3C1 /* Release */,
			);
			defaultConfigurationIsVisible = 0;
		};
/* End XCConfigurationList section */
	};
	rootObject = B723FC501A2B7C3200F0A3C1 /* Project object */;
}
